{
    "_readme": [
        "This file locks the dependencies of your project to a known state",
        "Read more about it at https://getcomposer.org/doc/01-basic-usage.md#composer-lock-the-lock-file",
        "This file is @generated automatically"
    ],
    "hash": "ff794ecbcfd07955d999bfd43d224871",
    "content-hash": "03b0ef3e21e7c9e372b3d8dc9f71667c",
    "packages": [
        {
            "name": "linhecheng/cmlphp",
            "version": "v2.6.7",
            "source": {
                "type": "git",
                "url": "https://github.com/linhecheng/cmlphp.git",
                "reference": "a55a5200f2f0769ef03b30b795814145e2e0538d"
            },
            "dist": {
                "type": "zip",
                "url": "https://packagist.phpcomposer.com/files/linhecheng/cmlphp/a55a5200f2f0769ef03b30b795814145e2e0538d.zip",
                "reference": "a55a5200f2f0769ef03b30b795814145e2e0538d",
                "shasum": ""
            },
            "require": {
                "php": ">=5.3.0"
            },
            "type": "library",
            "autoload": {
                "psr-4": {
                    "Cml\\": "src/Cml/",
                    "Cml\\Vendor\\": "src/Vendor/"
                }
            },
            "notification-url": "https://packagist.org/downloads/",
            "license": [
                "Apache-2.0"
            ],
            "authors": [
                {
                    "name": "linhecheng",
                    "email": "linhechengbugh@live.com",
                    "homepage": "http://51beautylife.com",
                    "role": "Developer"
                }
            ],
            "description": "CmlPHP Framework",
            "homepage": "http://cmlphp.51beautylife.com",
            "keywords": [
                "cmlphp"
            ],
            "time": "2016-07-19 06:50:43"
        }
    ],
    "packages-dev": [],
    "aliases": [],
    "minimum-stability": "stable",
    "stability-flags": [],
    "prefer-stable": false,
    "prefer-lowest": false,
    "platform": {
        "php": ">=5.3.0"
    },
    "platform-dev": []
}
