{
    "_readme": [
        "This file locks the dependencies of your project to a known state",
        "Read more about it at https://getcomposer.org/doc/01-basic-usage.md#composer-lock-the-lock-file",
        "This file is @generated automatically"
    ],
    "hash": "0883c5c6f629f6018d79f2bd690c41d7",
    "content-hash": "956fe335bfb24a582d20b2b69298d942",
    "packages": [
        {
            "name": "linhecheng/cmlphp",
            "version": "dev-dev",
            "source": {
                "type": "git",
                "url": "https://github.com/linhecheng/cmlphp.git",
                "reference": "87d6f37de9a5633cc3e59d23f9cfdfef3a2d09fb"
            },
            "dist": {
                "type": "zip",
                "url": "https://packagist.phpcomposer.com/files/linhecheng/cmlphp/87d6f37de9a5633cc3e59d23f9cfdfef3a2d09fb.zip",
                "reference": "87d6f37de9a5633cc3e59d23f9cfdfef3a2d09fb",
                "shasum": ""
            },
            "require": {
                "php": ">=5.4.0"
            },
            "type": "library",
            "autoload": {
                "psr-4": {
                    "Cml\\": "src/Cml/",
                    "Cml\\Vendor\\": "src/Vendor/"
                }
            },
            "notification-url": "https://packagist.org/downloads/",
            "license": [
                "Apache-2.0"
            ],
            "authors": [
                {
                    "name": "linhecheng",
                    "email": "linhechengbugh@live.com",
                    "homepage": "http://51beautylife.com",
                    "role": "Developer"
                }
            ],
            "description": "CmlPHP Framework",
            "homepage": "http://cmlphp.com",
            "keywords": [
                "cmlphp"
            ],
            "time": "2016-11-15 09:51:48"
        }
    ],
    "packages-dev": [],
    "aliases": [],
    "minimum-stability": "stable",
    "stability-flags": {
        "linhecheng/cmlphp": 20
    },
    "prefer-stable": false,
    "prefer-lowest": false,
    "platform": {
        "php": ">=5.4.0"
    },
    "platform-dev": []
}
