{
    "_readme": [
        "This file locks the dependencies of your project to a known state",
        "Read more about it at https://getcomposer.org/doc/01-basic-usage.md#composer-lock-the-lock-file",
        "This file is @generated automatically"
    ],
    "hash": "b88de4e904d7be67e94d114c595c10b8",
    "content-hash": "fe9d58bf401ec7bbe56614bf07b39441",
    "packages": [
        {
            "name": "linhecheng/cmlphp",
            "version": "v2.7.1",
            "source": {
                "type": "git",
                "url": "https://github.com/linhecheng/cmlphp.git",
                "reference": "2680452f8697649f18050b890dd774a56ea39971"
            },
            "dist": {
                "type": "zip",
                "url": "https://packagist.phpcomposer.com/files/linhecheng/cmlphp/2680452f8697649f18050b890dd774a56ea39971.zip",
                "reference": "2680452f8697649f18050b890dd774a56ea39971",
                "shasum": ""
            },
            "require": {
                "php": ">=5.4.0"
            },
            "type": "library",
            "autoload": {
                "psr-4": {
                    "Cml\\": "src/Cml/",
                    "Cml\\Vendor\\": "src/Vendor/"
                }
            },
            "notification-url": "https://packagist.org/downloads/",
            "license": [
                "Apache-2.0"
            ],
            "authors": [
                {
                    "name": "linhecheng",
                    "email": "linhechengbugh@live.com",
                    "homepage": "http://51beautylife.com",
                    "role": "Developer"
                }
            ],
            "description": "CmlPHP Framework",
            "homepage": "http://cmlphp.com",
            "keywords": [
                "cmlphp"
            ],
            "time": "2016-11-08 12:40:47"
        }
    ],
    "packages-dev": [],
    "aliases": [],
    "minimum-stability": "stable",
    "stability-flags": [],
    "prefer-stable": false,
    "prefer-lowest": false,
    "platform": {
        "php": ">=5.3.0"
    },
    "platform-dev": []
}
